
Microsoft Visual Studio Solution File, Format Version 12.00
# Visual Studio Version 16
VisualStudioVersion = 16.0.31019.35
MinimumVisualStudioVersion = 10.0.40219.1
Project("{FAE04EC0-301F-11D3-BF4B-00C04F79EFBC}") = "WebProject", "WebProject.csproj", "{B9D22751-A6AD-4752-BCE9-D9C1CE7E7A4F}"
EndProject
Global
	GlobalSection(SolutionConfigurationPlatforms) = preSolution
		Debug|Any CPU = Debug|Any CPU
		Release|Any CPU = Release|Any CPU
	EndGlobalSection
	GlobalSection(ProjectConfigurationPlatforms) = postSolution
		{B9D22751-A6AD-4752-BCE9-D9C1CE7E7A4F}.Debug|Any CPU.ActiveCfg = Debug|Any CPU
		{B9D22751-A6AD-4752-BCE9-D9C1CE7E7A4F}.Debug|Any CPU.Build.0 = Debug|Any CPU
		{B9D22751-A6AD-4752-BCE9-D9C1CE7E7A4F}.Release|Any CPU.ActiveCfg = Release|Any CPU
		{B9D22751-A6AD-4752-BCE9-D9C1CE7E7A4F}.Release|Any CPU.Build.0 = Release|Any CPU
	EndGlobalSection
	GlobalSection(SolutionProperties) = preSolution
		HideSolutionNode = FALSE
	EndGlobalSection
	GlobalSection(ExtensibilityGlobals) = postSolution
		SolutionGuid = {9E0078F5-E824-47E3-BBAE-27A9E9876881}
	EndGlobalSection
EndGlobal
